
Microsoft Visual Studio Solution File, Format Version 12.00
# Visual Studio Version 16
VisualStudioVersion = 16.6.30114.105
MinimumVisualStudioVersion = 10.0.40219.1
Project("{FAE04EC0-301F-11D3-BF4B-00C04F79EFBC}") = "API", "API\API.csproj", "{C84E5D9B-77CF-4A59-8FDA-C928ECA2D144}"
EndProject
Project("{FAE04EC0-301F-11D3-BF4B-00C04F79EFBC}") = "Application", "Application\Application.csproj", "{712B5458-4D0D-48F7-A834-8871008DB903}"
EndProject
Project("{FAE04EC0-301F-11D3-BF4B-00C04F79EFBC}") = "Domain", "Domain\Domain.csproj", "{3670752B-A874-40C7-94BC-48823764BBB5}"
EndProject
Project("{FAE04EC0-301F-11D3-BF4B-00C04F79EFBC}") = "Persistence", "Persistence\Persistence.csproj", "{44B22C23-22DD-4A58-BDC2-552D1E936F51}"
EndProject
Global
	GlobalSection(SolutionConfigurationPlatforms) = preSolution
		Debug|Any CPU = Debug|Any CPU
		Debug|x64 = Debug|x64
		Debug|x86 = Debug|x86
		Release|Any CPU = Release|Any CPU
		Release|x64 = Release|x64
		Release|x86 = Release|x86
	EndGlobalSection
	GlobalSection(SolutionProperties) = preSolution
		HideSolutionNode = FALSE
	EndGlobalSection
	GlobalSection(ProjectConfigurationPlatforms) = postSolution
		{C84E5D9B-77CF-4A59-8FDA-C928ECA2D144}.Debug|Any CPU.ActiveCfg = Debug|Any CPU
		{C84E5D9B-77CF-4A59-8FDA-C928ECA2D144}.Debug|Any CPU.Build.0 = Debug|Any CPU
		{C84E5D9B-77CF-4A59-8FDA-C928ECA2D144}.Debug|x64.ActiveCfg = Debug|Any CPU
		{C84E5D9B-77CF-4A59-8FDA-C928ECA2D144}.Debug|x64.Build.0 = Debug|Any CPU
		{C84E5D9B-77CF-4A59-8FDA-C928ECA2D144}.Debug|x86.ActiveCfg = Debug|Any CPU
		{C84E5D9B-77CF-4A59-8FDA-C928ECA2D144}.Debug|x86.Build.0 = Debug|Any CPU
		{C84E5D9B-77CF-4A59-8FDA-C928ECA2D144}.Release|Any CPU.ActiveCfg = Release|Any CPU
		{C84E5D9B-77CF-4A59-8FDA-C928ECA2D144}.Release|Any CPU.Build.0 = Release|Any CPU
		{C84E5D9B-77CF-4A59-8FDA-C928ECA2D144}.Release|x64.ActiveCfg = Release|Any CPU
		{C84E5D9B-77CF-4A59-8FDA-C928ECA2D144}.Release|x64.Build.0 = Release|Any CPU
		{C84E5D9B-77CF-4A59-8FDA-C928ECA2D144}.Release|x86.ActiveCfg = Release|Any CPU
		{C84E5D9B-77CF-4A59-8FDA-C928ECA2D144}.Release|x86.Build.0 = Release|Any CPU
		{712B5458-4D0D-48F7-A834-8871008DB903}.Debug|Any CPU.ActiveCfg = Debug|Any CPU
		{712B5458-4D0D-48F7-A834-8871008DB903}.Debug|Any CPU.Build.0 = Debug|Any CPU
		{712B5458-4D0D-48F7-A834-8871008DB903}.Debug|x64.ActiveCfg = Debug|Any CPU
		{712B5458-4D0D-48F7-A834-8871008DB903}.Debug|x64.Build.0 = Debug|Any CPU
		{712B5458-4D0D-48F7-A834-8871008DB903}.Debug|x86.ActiveCfg = Debug|Any CPU
		{712B5458-4D0D-48F7-A834-8871008DB903}.Debug|x86.Build.0 = Debug|Any CPU
		{712B5458-4D0D-48F7-A834-8871008DB903}.Release|Any CPU.ActiveCfg = Release|Any CPU
		{712B5458-4D0D-48F7-A834-8871008DB903}.Release|Any CPU.Build.0 = Release|Any CPU
		{712B5458-4D0D-48F7-A834-8871008DB903}.Release|x64.ActiveCfg = Release|Any CPU
		{712B5458-4D0D-48F7-A834-8871008DB903}.Release|x64.Build.0 = Release|Any CPU
		{712B5458-4D0D-48F7-A834-8871008DB903}.Release|x86.ActiveCfg = Release|Any CPU
		{712B5458-4D0D-48F7-A834-8871008DB903}.Release|x86.Build.0 = Release|Any CPU
		{3670752B-A874-40C7-94BC-48823764BBB5}.Debug|Any CPU.ActiveCfg = Debug|Any CPU
		{3670752B-A874-40C7-94BC-48823764BBB5}.Debug|Any CPU.Build.0 = Debug|Any CPU
		{3670752B-A874-40C7-94BC-48823764BBB5}.Debug|x64.ActiveCfg = Debug|Any CPU
		{3670752B-A874-40C7-94BC-48823764BBB5}.Debug|x64.Build.0 = Debug|Any CPU
		{3670752B-A874-40C7-94BC-48823764BBB5}.Debug|x86.ActiveCfg = Debug|Any CPU
		{3670752B-A874-40C7-94BC-48823764BBB5}.Debug|x86.Build.0 = Debug|Any CPU
		{3670752B-A874-40C7-94BC-48823764BBB5}.Release|Any CPU.ActiveCfg = Release|Any CPU
		{3670752B-A874-40C7-94BC-48823764BBB5}.Release|Any CPU.Build.0 = Release|Any CPU
		{3670752B-A874-40C7-94BC-48823764BBB5}.Release|x64.ActiveCfg = Release|Any CPU
		{3670752B-A874-40C7-94BC-48823764BBB5}.Release|x64.Build.0 = Release|Any CPU
		{3670752B-A874-40C7-94BC-48823764BBB5}.Release|x86.ActiveCfg = Release|Any CPU
		{3670752B-A874-40C7-94BC-48823764BBB5}.Release|x86.Build.0 = Release|Any CPU
		{44B22C23-22DD-4A58-BDC2-552D1E936F51}.Debug|Any CPU.ActiveCfg = Debug|Any CPU
		{44B22C23-22DD-4A58-BDC2-552D1E936F51}.Debug|Any CPU.Build.0 = Debug|Any CPU
		{44B22C23-22DD-4A58-BDC2-552D1E936F51}.Debug|x64.ActiveCfg = Debug|Any CPU
		{44B22C23-22DD-4A58-BDC2-552D1E936F51}.Debug|x64.Build.0 = Debug|Any CPU
		{44B22C23-22DD-4A58-BDC2-552D1E936F51}.Debug|x86.ActiveCfg = Debug|Any CPU
		{44B22C23-22DD-4A58-BDC2-552D1E936F51}.Debug|x86.Build.0 = Debug|Any CPU
		{44B22C23-22DD-4A58-BDC2-552D1E936F51}.Release|Any CPU.ActiveCfg = Release|Any CPU
		{44B22C23-22DD-4A58-BDC2-552D1E936F51}.Release|Any CPU.Build.0 = Release|Any CPU
		{44B22C23-22DD-4A58-BDC2-552D1E936F51}.Release|x64.ActiveCfg = Release|Any CPU
		{44B22C23-22DD-4A58-BDC2-552D1E936F51}.Release|x64.Build.0 = Release|Any CPU
		{44B22C23-22DD-4A58-BDC2-552D1E936F51}.Release|x86.ActiveCfg = Release|Any CPU
		{44B22C23-22DD-4A58-BDC2-552D1E936F51}.Release|x86.Build.0 = Release|Any CPU
	EndGlobalSection
EndGlobal
